# This file is automatically @generated by Wally.
# It is not intended for manual editing.
registry = "test"

[[package]]
name = "maximumadhd/parallel-worker"
version = "1.0.0"
dependencies = []

[[package]]
name = "shiro/la-factoria"
version = "0.1.0"
dependencies = [["parallel-worker", "maximumadhd/parallel-worker@1.0.0"], ["signal", "sleitnick/signal@1.4.2"]]

[[package]]
name = "sleitnick/signal"
version = "1.4.2"
dependencies = []
